// !$*UTF8*$!
{
	archiveVersion = 1;
	classes = {
	};
	objectVersion = 50;
	objects = {

/* Begin PBXBuildFile section */
		662B880825B514C800829ECA /* AppDelegate.swift in Sources */ = {isa = PBXBuildFile; fileRef = 662B880725B514C800829ECA /* AppDelegate.swift */; };
		662B880A25B514C800829ECA /* SceneDelegate.swift in Sources */ = {isa = PBXBuildFile; fileRef = 662B880925B514C800829ECA /* SceneDelegate.swift */; };
		662B880C25B514C800829ECA /* ViewController.swift in Sources */ = {isa = PBXBuildFile; fileRef = 662B880B25B514C800829ECA /* ViewController.swift */; };
		662B880F25B514C800829ECA /* Main.storyboard in Resources */ = {isa = PBXBuildFile; fileRef = 662B880D25B514C800829ECA /* Main.storyboard */; };
		662B881125B514C900829ECA /* Assets.xcassets in Resources */ = {isa = PBXBuildFile; fileRef = 662B881025B514C900829ECA /* Assets.xcassets */; };
		662B881425B514C900829ECA /* LaunchScreen.storyboard in Resources */ = {isa = PBXBuildFile; fileRef = 662B881225B514C900829ECA /* LaunchScreen.storyboard */; };
		662B882125B5211400829ECA /* WeChatViewController.swift in Sources */ = {isa = PBXBuildFile; fileRef = 662B882025B5211400829ECA /* WeChatViewController.swift */; };
		662B882525B5215700829ECA /* MailListViewController.swift in Sources */ = {isa = PBXBuildFile; fileRef = 662B882425B5215700829ECA /* MailListViewController.swift */; };
		662B882825B5216900829ECA /* ExploreViewController.swift in Sources */ = {isa = PBXBuildFile; fileRef = 662B882725B5216900829ECA /* ExploreViewController.swift */; };
		662B882C25B5219A00829ECA /* UserViewController.swift in Sources */ = {isa = PBXBuildFile; fileRef = 662B882B25B5219A00829ECA /* UserViewController.swift */; };
		662B883725B6D5A500829ECA /* WeChatCellModel.swift in Sources */ = {isa = PBXBuildFile; fileRef = 662B883625B6D5A500829ECA /* WeChatCellModel.swift */; };
		662B883A25B6DEBC00829ECA /* WeChatCell.swift in Sources */ = {isa = PBXBuildFile; fileRef = 662B883925B6DEBC00829ECA /* WeChatCell.swift */; };
		662B883D25B84F5E00829ECA /* GenenralCellModel.swift in Sources */ = {isa = PBXBuildFile; fileRef = 662B883C25B84F5E00829ECA /* GenenralCellModel.swift */; };
		662B884025B8515700829ECA /* GeneralCell.swift in Sources */ = {isa = PBXBuildFile; fileRef = 662B883F25B8515700829ECA /* GeneralCell.swift */; };
		662B884525BABD0700829ECA /* UserInfoView.swift in Sources */ = {isa = PBXBuildFile; fileRef = 662B884425BABD0700829ECA /* UserInfoView.swift */; };
/* End PBXBuildFile section */

/* Begin PBXFileReference section */
		662B880425B514C800829ECA /* WeChat_Demo.app */ = {isa = PBXFileReference; explicitFileType = wrapper.application; includeInIndex = 0; path = WeChat_Demo.app; sourceTree = BUILT_PRODUCTS_DIR; };
		662B880725B514C800829ECA /* AppDelegate.swift */ = {isa = PBXFileReference; lastKnownFileType = sourcecode.swift; path = AppDelegate.swift; sourceTree = "<group>"; };
		662B880925B514C800829ECA /* SceneDelegate.swift */ = {isa = PBXFileReference; lastKnownFileType = sourcecode.swift; path = SceneDelegate.swift; sourceTree = "<group>"; };
		662B880B25B514C800829ECA /* ViewController.swift */ = {isa = PBXFileReference; lastKnownFileType = sourcecode.swift; path = ViewController.swift; sourceTree = "<group>"; };
		662B880E25B514C800829ECA /* Base */ = {isa = PBXFileReference; lastKnownFileType = file.storyboard; name = Base; path = Base.lproj/Main.storyboard; sourceTree = "<group>"; };
		662B881025B514C900829ECA /* Assets.xcassets */ = {isa = PBXFileReference; lastKnownFileType = folder.assetcatalog; path = Assets.xcassets; sourceTree = "<group>"; };
		662B881325B514C900829ECA /* Base */ = {isa = PBXFileReference; lastKnownFileType = file.storyboard; name = Base; path = Base.lproj/LaunchScreen.storyboard; sourceTree = "<group>"; };
		662B881525B514C900829ECA /* Info.plist */ = {isa = PBXFileReference; lastKnownFileType = text.plist.xml; path = Info.plist; sourceTree = "<group>"; };
		662B882025B5211400829ECA /* WeChatViewController.swift */ = {isa = PBXFileReference; lastKnownFileType = sourcecode.swift; path = WeChatViewController.swift; sourceTree = "<group>"; };
		662B882425B5215700829ECA /* MailListViewController.swift */ = {isa = PBXFileReference; lastKnownFileType = sourcecode.swift; path = MailListViewController.swift; sourceTree = "<group>"; };
		662B882725B5216900829ECA /* ExploreViewController.swift */ = {isa = PBXFileReference; lastKnownFileType = sourcecode.swift; path = ExploreViewController.swift; sourceTree = "<group>"; };
		662B882B25B5219A00829ECA /* UserViewController.swift */ = {isa = PBXFileReference; lastKnownFileType = sourcecode.swift; path = UserViewController.swift; sourceTree = "<group>"; };
		662B883625B6D5A500829ECA /* WeChatCellModel.swift */ = {isa = PBXFileReference; lastKnownFileType = sourcecode.swift; path = WeChatCellModel.swift; sourceTree = "<group>"; };
		662B883925B6DEBC00829ECA /* WeChatCell.swift */ = {isa = PBXFileReference; lastKnownFileType = sourcecode.swift; path = WeChatCell.swift; sourceTree = "<group>"; };
		662B883C25B84F5E00829ECA /* GenenralCellModel.swift */ = {isa = PBXFileReference; lastKnownFileType = sourcecode.swift; path = GenenralCellModel.swift; sourceTree = "<group>"; };
		662B883F25B8515700829ECA /* GeneralCell.swift */ = {isa = PBXFileReference; lastKnownFileType = sourcecode.swift; path = GeneralCell.swift; sourceTree = "<group>"; };
		662B884425BABD0700829ECA /* UserInfoView.swift */ = {isa = PBXFileReference; lastKnownFileType = sourcecode.swift; path = UserInfoView.swift; sourceTree = "<group>"; };
/* End PBXFileReference section */

/* Begin PBXFrameworksBuildPhase section */
		662B880125B514C800829ECA /* Frameworks */ = {
			isa = PBXFrameworksBuildPhase;
			buildActionMask = 2147483647;
			files = (
			);
			runOnlyForDeploymentPostprocessing = 0;
		};
/* End PBXFrameworksBuildPhase section */

/* Begin PBXGroup section */
		662B87FB25B514C800829ECA = {
			isa = PBXGroup;
			children = (
				662B880625B514C800829ECA /* WeChat_Demo */,
				662B880525B514C800829ECA /* Products */,
			);
			sourceTree = "<group>";
		};
		662B880525B514C800829ECA /* Products */ = {
			isa = PBXGroup;
			children = (
				662B880425B514C800829ECA /* WeChat_Demo.app */,
			);
			name = Products;
			sourceTree = "<group>";
		};
		662B880625B514C800829ECA /* WeChat_Demo */ = {
			isa = PBXGroup;
			children = (
				662B880725B514C800829ECA /* AppDelegate.swift */,
				662B880925B514C800829ECA /* SceneDelegate.swift */,
				662B880B25B514C800829ECA /* ViewController.swift */,
				662B880D25B514C800829ECA /* Main.storyboard */,
				662B881025B514C900829ECA /* Assets.xcassets */,
				662B881225B514C900829ECA /* LaunchScreen.storyboard */,
				662B881525B514C900829ECA /* Info.plist */,
				662B882025B5211400829ECA /* WeChatViewController.swift */,
				662B882425B5215700829ECA /* MailListViewController.swift */,
				662B882725B5216900829ECA /* ExploreViewController.swift */,
				662B882B25B5219A00829ECA /* UserViewController.swift */,
				662B883625B6D5A500829ECA /* WeChatCellModel.swift */,
				662B883925B6DEBC00829ECA /* WeChatCell.swift */,
				662B883C25B84F5E00829ECA /* GenenralCellModel.swift */,
				662B883F25B8515700829ECA /* GeneralCell.swift */,
				662B884425BABD0700829ECA /* UserInfoView.swift */,
			);
			path = WeChat_Demo;
			sourceTree = "<group>";
		};
/* End PBXGroup section */

/* Begin PBXNativeTarget section */
		662B880325B514C800829ECA /* WeChat_Demo */ = {
			isa = PBXNativeTarget;
			buildConfigurationList = 662B881825B514C900829ECA /* Build configuration list for PBXNativeTarget "WeChat_Demo" */;
			buildPhases = (
				662B880025B514C800829ECA /* Sources */,
				662B880125B514C800829ECA /* Frameworks */,
				662B880225B514C800829ECA /* Resources */,
			);
			buildRules = (
			);
			dependencies = (
			);
			name = WeChat_Demo;
			productName = WeChat_Demo;
			productReference = 662B880425B514C800829ECA /* WeChat_Demo.app */;
			productType = "com.apple.product-type.application";
		};
/* End PBXNativeTarget section */

/* Begin PBXProject section */
		662B87FC25B514C800829ECA /* Project object */ = {
			isa = PBXProject;
			attributes = {
				LastSwiftUpdateCheck = 1220;
				LastUpgradeCheck = 1220;
				TargetAttributes = {
					662B880325B514C800829ECA = {
						CreatedOnToolsVersion = 12.2;
					};
				};
			};
			buildConfigurationList = 662B87FF25B514C800829ECA /* Build configuration list for PBXProject "WeChat_Demo" */;
			compatibilityVersion = "Xcode 9.3";
			developmentRegion = en;
			hasScannedForEncodings = 0;
			knownRegions = (
				en,
				Base,
			);
			mainGroup = 662B87FB25B514C800829ECA;
			productRefGroup = 662B880525B514C800829ECA /* Products */;
			projectDirPath = "";
			projectRoot = "";
			targets = (
				662B880325B514C800829ECA /* WeChat_Demo */,
			);
		};
/* End PBXProject section */

/* Begin PBXResourcesBuildPhase section */
		662B880225B514C800829ECA /* Resources */ = {
			isa = PBXResourcesBuildPhase;
			buildActionMask = 2147483647;
			files = (
				662B881425B514C900829ECA /* LaunchScreen.storyboard in Resources */,
				662B881125B514C900829ECA /* Assets.xcassets in Resources */,
				662B880F25B514C800829ECA /* Main.storyboard in Resources */,
			);
			runOnlyForDeploymentPostprocessing = 0;
		};
/* End PBXResourcesBuildPhase section */

/* Begin PBXSourcesBuildPhase section */
		662B880025B514C800829ECA /* Sources */ = {
			isa = PBXSourcesBuildPhase;
			buildActionMask = 2147483647;
			files = (
				662B884025B8515700829ECA /* GeneralCell.swift in Sources */,
				662B882C25B5219A00829ECA /* UserViewController.swift in Sources */,
				662B883D25B84F5E00829ECA /* GenenralCellModel.swift in Sources */,
				662B884525BABD0700829ECA /* UserInfoView.swift in Sources */,
				662B880C25B514C800829ECA /* ViewController.swift in Sources */,
				662B880825B514C800829ECA /* AppDelegate.swift in Sources */,
				662B882125B5211400829ECA /* WeChatViewController.swift in Sources */,
				662B882525B5215700829ECA /* MailListViewController.swift in Sources */,
				662B883725B6D5A500829ECA /* WeChatCellModel.swift in Sources */,
				662B880A25B514C800829ECA /* SceneDelegate.swift in Sources */,
				662B883A25B6DEBC00829ECA /* WeChatCell.swift in Sources */,
				662B882825B5216900829ECA /* ExploreViewController.swift in Sources */,
			);
			runOnlyForDeploymentPostprocessing = 0;
		};
/* End PBXSourcesBuildPhase section */

/* Begin PBXVariantGroup section */
		662B880D25B514C800829ECA /* Main.storyboard */ = {
			isa = PBXVariantGroup;
			children = (
				662B880E25B514C800829ECA /* Base */,
			);
			name = Main.storyboard;
			sourceTree = "<group>";
		};
		662B881225B514C900829ECA /* LaunchScreen.storyboard */ = {
			isa = PBXVariantGroup;
			children = (
				662B881325B514C900829ECA /* Base */,
			);
			name = LaunchScreen.storyboard;
			sourceTree = "<group>";
		};
/* End PBXVariantGroup section */

/* Begin XCBuildConfiguration section */
		662B881625B514C900829ECA /* Debug */ = {
			isa = XCBuildConfiguration;
			buildSettings = {
				ALWAYS_SEARCH_USER_PATHS = NO;
				CLANG_ANALYZER_NONNULL = YES;
				CLANG_ANALYZER_NUMBER_OBJECT_CONVERSION = YES_AGGRESSIVE;
				CLANG_CXX_LANGUAGE_STANDARD = "gnu++14";
				CLANG_CXX_LIBRARY = "libc++";
				CLANG_ENABLE_MODULES = YES;
				CLANG_ENABLE_OBJC_ARC = YES;
				CLANG_ENABLE_OBJC_WEAK = YES;
				CLANG_WARN_BLOCK_CAPTURE_AUTORELEASING = YES;
				CLANG_WARN_BOOL_CONVERSION = YES;
				CLANG_WARN_COMMA = YES;
				CLANG_WARN_CONSTANT_CONVERSION = YES;
				CLANG_WARN_DEPRECATED_OBJC_IMPLEMENTATIONS = YES;
				CLANG_WARN_DIRECT_OBJC_ISA_USAGE = YES_ERROR;
				CLANG_WARN_DOCUMENTATION_COMMENTS = YES;
				CLANG_WARN_EMPTY_BODY = YES;
				CLANG_WARN_ENUM_CONVERSION = YES;
				CLANG_WARN_INFINITE_RECURSION = YES;
				CLANG_WARN_INT_CONVERSION = YES;
				CLANG_WARN_NON_LITERAL_NULL_CONVERSION = YES;
				CLANG_WARN_OBJC_IMPLICIT_RETAIN_SELF = YES;
				CLANG_WARN_OBJC_LITERAL_CONVERSION = YES;
				CLANG_WARN_OBJC_ROOT_CLASS = YES_ERROR;
				CLANG_WARN_QUOTED_INCLUDE_IN_FRAMEWORK_HEADER = YES;
				CLANG_WARN_RANGE_LOOP_ANALYSIS = YES;
				CLANG_WARN_STRICT_PROTOTYPES = YES;
				CLANG_WARN_SUSPICIOUS_MOVE = YES;
				CLANG_WARN_UNGUARDED_AVAILABILITY = YES_AGGRESSIVE;
				CLANG_WARN_UNREACHABLE_CODE = YES;
				CLANG_WARN__DUPLICATE_METHOD_MATCH = YES;
				COPY_PHASE_STRIP = NO;
				DEBUG_INFORMATION_FORMAT = dwarf;
				ENABLE_STRICT_OBJC_MSGSEND = YES;
				ENABLE_TESTABILITY = YES;
				GCC_C_LANGUAGE_STANDARD = gnu11;
				GCC_DYNAMIC_NO_PIC = NO;
				GCC_NO_COMMON_BLOCKS = YES;
				GCC_OPTIMIZATION_LEVEL = 0;
				GCC_PREPROCESSOR_DEFINITIONS = (
					"DEBUG=1",
					"$(inherited)",
				);
				GCC_WARN_64_TO_32_BIT_CONVERSION = YES;
				GCC_WARN_ABOUT_RETURN_TYPE = YES_ERROR;
				GCC_WARN_UNDECLARED_SELECTOR = YES;
				GCC_WARN_UNINITIALIZED_AUTOS = YES_AGGRESSIVE;
				GCC_WARN_UNUSED_FUNCTION = YES;
				GCC_WARN_UNUSED_VARIABLE = YES;
				IPHONEOS_DEPLOYMENT_TARGET = 14.2;
				MTL_ENABLE_DEBUG_INFO = INCLUDE_SOURCE;
				MTL_FAST_MATH = YES;
				ONLY_ACTIVE_ARCH = YES;
				SDKROOT = iphoneos;
				SWIFT_ACTIVE_COMPILATION_CONDITIONS = DEBUG;
				SWIFT_OPTIMIZATION_LEVEL = "-Onone";
			};
			name = Debug;
		};
		662B881725B514C900829ECA /* Release */ = {
			isa = XCBuildConfiguration;
			buildSettings = {
				ALWAYS_SEARCH_USER_PATHS = NO;
				CLANG_ANALYZER_NONNULL = YES;
				CLANG_ANALYZER_NUMBER_OBJECT_CONVERSION = YES_AGGRESSIVE;
				CLANG_CXX_LANGUAGE_STANDARD = "gnu++14";
				CLANG_CXX_LIBRARY = "libc++";
				CLANG_ENABLE_MODULES = YES;
				CLANG_ENABLE_OBJC_ARC = YES;
				CLANG_ENABLE_OBJC_WEAK = YES;
				CLANG_WARN_BLOCK_CAPTURE_AUTORELEASING = YES;
				CLANG_WARN_BOOL_CONVERSION = YES;
				CLANG_WARN_COMMA = YES;
				CLANG_WARN_CONSTANT_CONVERSION = YES;
				CLANG_WARN_DEPRECATED_OBJC_IMPLEMENTATIONS = YES;
				CLANG_WARN_DIRECT_OBJC_ISA_USAGE = YES_ERROR;
				CLANG_WARN_DOCUMENTATION_COMMENTS = YES;
				CLANG_WARN_EMPTY_BODY = YES;
				CLANG_WARN_ENUM_CONVERSION = YES;
				CLANG_WARN_INFINITE_RECURSION = YES;
				CLANG_WARN_INT_CONVERSION = YES;
				CLANG_WARN_NON_LITERAL_NULL_CONVERSION = YES;
				CLANG_WARN_OBJC_IMPLICIT_RETAIN_SELF = YES;
				CLANG_WARN_OBJC_LITERAL_CONVERSION = YES;
				CLANG_WARN_OBJC_ROOT_CLASS = YES_ERROR;
				CLANG_WARN_QUOTED_INCLUDE_IN_FRAMEWORK_HEADER = YES;
				CLANG_WARN_RANGE_LOOP_ANALYSIS = YES;
				CLANG_WARN_STRICT_PROTOTYPES = YES;
				CLANG_WARN_SUSPICIOUS_MOVE = YES;
				CLANG_WARN_UNGUARDED_AVAILABILITY = YES_AGGRESSIVE;
				CLANG_WARN_UNREACHABLE_CODE = YES;
				CLANG_WARN__DUPLICATE_METHOD_MATCH = YES;
				COPY_PHASE_STRIP = NO;
				DEBUG_INFORMATION_FORMAT = "dwarf-with-dsym";
				ENABLE_NS_ASSERTIONS = NO;
				ENABLE_STRICT_OBJC_MSGSEND = YES;
				GCC_C_LANGUAGE_STANDARD = gnu11;
				GCC_NO_COMMON_BLOCKS = YES;
				GCC_WARN_64_TO_32_BIT_CONVERSION = YES;
				GCC_WARN_ABOUT_RETURN_TYPE = YES_ERROR;
				GCC_WARN_UNDECLARED_SELECTOR = YES;
				GCC_WARN_UNINITIALIZED_AUTOS = YES_AGGRESSIVE;
				GCC_WARN_UNUSED_FUNCTION = YES;
				GCC_WARN_UNUSED_VARIABLE = YES;
				IPHONEOS_DEPLOYMENT_TARGET = 14.2;
				MTL_ENABLE_DEBUG_INFO = NO;
				MTL_FAST_MATH = YES;
				SDKROOT = iphoneos;
				SWIFT_COMPILATION_MODE = wholemodule;
				SWIFT_OPTIMIZATION_LEVEL = "-O";
				VALIDATE_PRODUCT = YES;
			};
			name = Release;
		};
		662B881925B514C900829ECA /* Debug */ = {
			isa = XCBuildConfiguration;
			buildSettings = {
				ASSETCATALOG_COMPILER_APPICON_NAME = AppIcon;
				ASSETCATALOG_COMPILER_GLOBAL_ACCENT_COLOR_NAME = AccentColor;
				CODE_SIGN_STYLE = Automatic;
				INFOPLIST_FILE = WeChat_Demo/Info.plist;
				LD_RUNPATH_SEARCH_PATHS = (
					"$(inherited)",
					"@executable_path/Frameworks",
				);
				PRODUCT_BUNDLE_IDENTIFIER = "Austin.WeChat-Demo";
				PRODUCT_NAME = "$(TARGET_NAME)";
				SWIFT_VERSION = 5.0;
				TARGETED_DEVICE_FAMILY = "1,2";
			};
			name = Debug;
		};
		662B881A25B514C900829ECA /* Release */ = {
			isa = XCBuildConfiguration;
			buildSettings = {
				ASSETCATALOG_COMPILER_APPICON_NAME = AppIcon;
				ASSETCATALOG_COMPILER_GLOBAL_ACCENT_COLOR_NAME = AccentColor;
				CODE_SIGN_STYLE = Automatic;
				INFOPLIST_FILE = WeChat_Demo/Info.plist;
				LD_RUNPATH_SEARCH_PATHS = (
					"$(inherited)",
					"@executable_path/Frameworks",
				);
				PRODUCT_BUNDLE_IDENTIFIER = "Austin.WeChat-Demo";
				PRODUCT_NAME = "$(TARGET_NAME)";
				SWIFT_VERSION = 5.0;
				TARGETED_DEVICE_FAMILY = "1,2";
			};
			name = Release;
		};
/* End XCBuildConfiguration section */

/* Begin XCConfigurationList section */
		662B87FF25B514C800829ECA /* Build configuration list for PBXProject "WeChat_Demo" */ = {
			isa = XCConfigurationList;
			buildConfigurations = (
				662B881625B514C900829ECA /* Debug */,
				662B881725B514C900829ECA /* Release */,
			);
			defaultConfigurationIsVisible = 0;
			defaultConfigurationName = Release;
		};
		662B881825B514C900829ECA /* Build configuration list for PBXNativeTarget "WeChat_Demo" */ = {
			isa = XCConfigurationList;
			buildConfigurations = (
				662B881925B514C900829ECA /* Debug */,
				662B881A25B514C900829ECA /* Release */,
			);
			defaultConfigurationIsVisible = 0;
			defaultConfigurationName = Release;
		};
/* End XCConfigurationList section */
	};
	rootObject = 662B87FC25B514C800829ECA /* Project object */;
}
